<?xml version="1.0" encoding="utf-8"?>
<Project ToolsVersion="4.0" xmlns="http://schemas.microsoft.com/developer/msbuild/2003">
  <ItemGroup>
    <ClCompile Include="src\main.cpp" />
    <ClCompile Include="src\stdafx.cpp" />
    <ClCompile Include="src\game\application.cpp" />
    <ClCompile Include="src\directx\buffer\index_buffer.cpp" />
    <ClCompile Include="src\directx\buffer\vertex_buffer.cpp" />
    <ClCompile Include="src\directx\shader\grahpics_pipeline_state.cpp" />
    <ClCompile Include="src\directx\shader\pixel_shader.cpp" />
    <ClCompile Include="src\directx\shader\vertex_shader.cpp" />
    <ClCompile Include="src\directx\directx_helper.cpp" />
    <ClCompile Include="src\math\int_vector_2.cpp" />
    <ClCompile Include="src\math\vector_2.cpp" />
    <ClCompile Include="src\math\vector_3.cpp" />
    <ClCompile Include="src\window\window.cpp" />
    <ClCompile Include="src\window\window_procedure.cpp" />
    <ClCompile Include="src\directx\directx12_device.cpp" />
    <ClCompile Include="src\util\byte_reader.cpp" />
    <ClCompile Include="src\util\path.cpp" />
    <ClCompile Include="src\math\matrix_4x4.cpp" />
    <ClCompile Include="src\libs\imgui\imgui.cpp" />
    <ClCompile Include="src\libs\imgui\imgui_draw.cpp" />
    <ClCompile Include="src\libs\imgui\imgui_impl_dx12.cpp" />
    <ClCompile Include="src\libs\imgui\imgui_impl_win32.cpp" />
    <ClCompile Include="src\libs\imgui\imgui_widgets.cpp" />
    <ClCompile Include="src\util\imgui_manager.cpp" />
    <ClCompile Include="src\input\input.cpp" />
  </ItemGroup>
  <ItemGroup>
    <ClInclude Include="src\stdafx.h" />
    <ClInclude Include="src\game\application.h" />
    <ClInclude Include="src\directx\buffer\index_buffer.h" />
    <ClInclude Include="src\directx\buffer\vertex_buffer.h" />
    <ClInclude Include="src\directx\shader\graphics_pipeline_state.h" />
    <ClInclude Include="src\directx\shader\pixel_shader.h" />
    <ClInclude Include="src\directx\shader\vertex_shader.h" />
    <ClInclude Include="src\directx\directx_helper.h" />
    <ClInclude Include="src\directx\directx12_device.h" />
    <ClInclude Include="src\directx\vertex.h" />
    <ClInclude Include="src\libs\d3dx12.h" />
    <ClInclude Include="src\math\int_vector_2.h" />
    <ClInclude Include="src\math\math_util.h" />
    <ClInclude Include="src\math\vector_2.h" />
    <ClInclude Include="src\math\vector_3.h" />
    <ClInclude Include="src\util\debug.h" />
    <ClInclude Include="src\util\enum_util.h" />
    <ClInclude Include="src\util\string_util.h" />
    <ClInclude Include="src\util\typedef.h" />
    <ClInclude Include="src\window\window.h" />
    <ClInclude Include="src\window\window_procedure.h" />
    <ClInclude Include="src\window\window_procedure_event_callback.h" />
    <ClInclude Include="src\directx\primitive_topology.h" />
    <ClInclude Include="src\directx\shader\shader_defines.h" />
    <ClInclude Include="src\util\byte_reader.h" />
    <ClInclude Include="src\util\path.h" />
    <ClInclude Include="src\util\singleton.h" />
    <ClInclude Include="src\math\matrix_4x4.h" />
    <ClInclude Include="src\libs\imgui\imconfig.h" />
    <ClInclude Include="src\libs\imgui\imgui.h" />
    <ClInclude Include="src\libs\imgui\imgui_impl_dx12.h" />
    <ClInclude Include="src\libs\imgui\imgui_impl_win32.h" />
    <ClInclude Include="src\libs\imgui\imgui_internal.h" />
    <ClInclude Include="src\libs\imgui\imstb_rectpack.h" />
    <ClInclude Include="src\libs\imgui\imstb_textedit.h" />
    <ClInclude Include="src\libs\imgui\imstb_truetype.h" />
    <ClInclude Include="src\util\imgui_manager.h" />
    <ClInclude Include="src\input\input.h" />
  </ItemGroup>
  <ItemGroup>
    <None Include="src\.clang-format" />
  </ItemGroup>
  <ItemGroup>
    <FxCompile Include="assets\shaders\VertexShader.hlsl" />
    <FxCompile Include="assets\shaders\PixelShader.hlsl" />
  </ItemGroup>
</Project>