<?xml version="1.0" encoding="utf-8"?>
<Project ToolsVersion="4.0" xmlns="http://schemas.microsoft.com/developer/msbuild/2003">
  <ItemGroup>
    <ClCompile Include="src\main.cpp" />
    <ClCompile Include="src\stdafx.cpp" />
    <ClCompile Include="src\game\application.cpp" />
    <ClCompile Include="src\directx\buffer\index_buffer.cpp" />
    <ClCompile Include="src\directx\buffer\vertex_buffer.cpp" />
    <ClCompile Include="src\directx\shader\grahpics_pipeline_state.cpp" />
    <ClCompile Include="src\directx\shader\pixel_shader.cpp" />
    <ClCompile Include="src\directx\shader\vertex_shader.cpp" />
    <ClCompile Include="src\directx\directx_helper.cpp" />
    <ClCompile Include="src\math\int_vector_2.cpp" />
    <ClCompile Include="src\math\vector_2.cpp" />
    <ClCompile Include="src\math\vector_3.cpp" />
    <ClCompile Include="src\window\window.cpp" />
    <ClCompile Include="src\window\window_procedure.cpp" />
    <ClCompile Include="src\directx\directx12_device.cpp" />
    <ClCompile Include="src\util\byte_reader.cpp" />
    <ClCompile Include="src\util\path.cpp" />
    <ClCompile Include="src\math\matrix_4x4.cpp" />
    <ClCompile Include="src\libs\imgui\imgui.cpp" />
    <ClCompile Include="src\libs\imgui\imgui_draw.cpp" />
    <ClCompile Include="src\libs\imgui\imgui_impl_dx12.cpp" />
    <ClCompile Include="src\libs\imgui\imgui_impl_win32.cpp" />
    <ClCompile Include="src\libs\imgui\imgui_widgets.cpp" />
    <ClCompile Include="src\util\imgui_manager.cpp" />
    <ClCompile Include="src\scenes\scene_manager.cpp" />
    <ClCompile Include="src\audio\audio_source.cpp" />
    <ClCompile Include="src\main_hiraoka.cpp" />
    <ClCompile Include="src\scenes\title.cpp" />
    <ClCompile Include="src\scenes\scene_change.cpp" />
    <ClCompile Include="src\scenes\scene.cpp" />
    <ClCompile Include="src\scenes\game_over.cpp" />
    <ClCompile Include="src\directx\descriptor_heap.cpp" />
    <ClCompile Include="src\directx\shader\root_signature.cpp" />
    <ClCompile Include="src\directx\shader\defined_static_sampler.cpp" />
    <ClCompile Include="src\directx\buffer\committed_resource.cpp" />
    <ClCompile Include="src\directx\buffer\texture_2d.cpp" />
    <ClCompile Include="src\main_matsumoto.cpp" />
    <ClCompile Include="src\input\keyboard.cpp" />
    <ClCompile Include="src\input\mouse.cpp" />
    <ClCompile Include="src\directx\heap_manager.cpp" />
    <ClCompile Include="src\util\loader\texture_loader.cpp" />
    <ClCompile Include="src\util\loader\glb_loader.cpp" />
    <ClCompile Include="src\game\game_device.cpp" />
    <ClCompile Include="src\input\game_pad.cpp" />
    <ClCompile Include="src\input\input_manager.cpp" />
    <ClCompile Include="src\scenes\model_view.cpp" />
  </ItemGroup>
  <ItemGroup>
    <ClInclude Include="src\stdafx.h" />
    <ClInclude Include="src\game\application.h" />
    <ClInclude Include="src\directx\buffer\index_buffer.h" />
    <ClInclude Include="src\directx\buffer\vertex_buffer.h" />
    <ClInclude Include="src\directx\shader\graphics_pipeline_state.h" />
    <ClInclude Include="src\directx\shader\pixel_shader.h" />
    <ClInclude Include="src\directx\shader\vertex_shader.h" />
    <ClInclude Include="src\directx\directx_helper.h" />
    <ClInclude Include="src\directx\directx12_device.h" />
    <ClInclude Include="src\directx\vertex.h" />
    <ClInclude Include="src\libs\d3dx12.h" />
    <ClInclude Include="src\math\int_vector_2.h" />
    <ClInclude Include="src\math\math_util.h" />
    <ClInclude Include="src\math\vector_2.h" />
    <ClInclude Include="src\math\vector_3.h" />
    <ClInclude Include="src\util\debug.h" />
    <ClInclude Include="src\util\enum_util.h" />
    <ClInclude Include="src\util\string_util.h" />
    <ClInclude Include="src\util\typedef.h" />
    <ClInclude Include="src\window\window.h" />
    <ClInclude Include="src\window\window_procedure.h" />
    <ClInclude Include="src\window\window_procedure_event_callback.h" />
    <ClInclude Include="src\directx\primitive_topology.h" />
    <ClInclude Include="src\util\byte_reader.h" />
    <ClInclude Include="src\util\path.h" />
    <ClInclude Include="src\util\singleton.h" />
    <ClInclude Include="src\math\matrix_4x4.h" />
    <ClInclude Include="src\libs\imgui\imconfig.h" />
    <ClInclude Include="src\libs\imgui\imgui.h" />
    <ClInclude Include="src\libs\imgui\imgui_impl_dx12.h" />
    <ClInclude Include="src\libs\imgui\imgui_impl_win32.h" />
    <ClInclude Include="src\libs\imgui\imgui_internal.h" />
    <ClInclude Include="src\libs\imgui\imstb_rectpack.h" />
    <ClInclude Include="src\libs\imgui\imstb_textedit.h" />
    <ClInclude Include="src\libs\imgui\imstb_truetype.h" />
    <ClInclude Include="src\util\imgui_manager.h" />
    <ClInclude Include="src\audio\audio_source.h" />
    <ClInclude Include="src\scenes\scene_manager.h" />
    <ClInclude Include="src\scenes\scene.h" />
    <ClInclude Include="src\scenes\title.h" />
    <ClInclude Include="src\scenes\scene_change.h" />
    <ClInclude Include="src\scenes\task.h" />
    <ClInclude Include="src\scenes\game_over.h" />
    <ClInclude Include="src\directx\descriptor_heap.h" />
    <ClInclude Include="src\directx\shader\root_signature.h" />
    <ClInclude Include="src\directx\shader\defined_static_sampler.h" />
    <ClInclude Include="src\directx\buffer\committed_resource.h" />
    <ClInclude Include="src\directx\buffer\constant_buffer.h" />
    <ClInclude Include="src\directx\buffer\texture_2d.h" />
    <ClInclude Include="src\input\keyboard.h" />
    <ClInclude Include="src\input\mouse.h" />
    <ClInclude Include="src\directx\heap_manager.h" />
    <ClInclude Include="src\directx\descriptor_handle.h" />
    <ClInclude Include="src\directx\directx_accessor.h" />
    <ClInclude Include="src\directx\resource_type.h" />
    <ClInclude Include="src\libs\stb_image.h" />
    <ClInclude Include="src\util\loader\texture_loader.h" />
    <ClInclude Include="src\util\loader\glb_loader.h" />
    <ClInclude Include="assets\shaders\defines\global.h" />
    <ClInclude Include="src\game\game_device.h" />
    <ClInclude Include="src\input\game_pad.h" />
    <ClInclude Include="src\input\input_manager.h" />
    <ClInclude Include="src\input\joy_code.h" />
    <ClInclude Include="src\input\key_code.h" />
    <ClInclude Include="src\scenes\model_view.h" />
  </ItemGroup>
  <ItemGroup>
    <None Include="src\.clang-format" />
    <None Include="packages.config" />
    <None Include="assets\shaders\modelview\model_view.hlsli" />
  </ItemGroup>
  <ItemGroup>
    <FxCompile Include="assets\shaders\VertexShader.hlsl" />
    <FxCompile Include="assets\shaders\PixelShader.hlsl" />
    <FxCompile Include="assets\shaders\ConstantBufferTest.hlsl" />
    <FxCompile Include="assets\shaders\TextureTest.hlsl" />
    <FxCompile Include="assets\shaders\modelview\model_view_vs.hlsl" />
    <FxCompile Include="assets\shaders\modelview\model_view_ps.hlsl" />
  </ItemGroup>
</Project>